
Microsoft Visual Studio Solution File, Format Version 12.00
# Visual Studio Version 16
VisualStudioVersion = 16.0.30804.86
MinimumVisualStudioVersion = 10.0.40219.1
Project("{FAE04EC0-301F-11D3-BF4B-00C04F79EFBC}") = "WSE2", "WSE2\WSE2.csproj", "{2ED9E73D-CD2C-4A4F-814F-B904875E82B6}"
EndProject
Global
	GlobalSection(SolutionConfigurationPlatforms) = preSolution
		Debug|Any CPU = Debug|Any CPU
		Release|Any CPU = Release|Any CPU
	EndGlobalSection
	GlobalSection(ProjectConfigurationPlatforms) = postSolution
		{2ED9E73D-CD2C-4A4F-814F-B904875E82B6}.Debug|Any CPU.ActiveCfg = Debug|Any CPU
		{2ED9E73D-CD2C-4A4F-814F-B904875E82B6}.Debug|Any CPU.Build.0 = Debug|Any CPU
		{2ED9E73D-CD2C-4A4F-814F-B904875E82B6}.Release|Any CPU.ActiveCfg = Release|Any CPU
		{2ED9E73D-CD2C-4A4F-814F-B904875E82B6}.Release|Any CPU.Build.0 = Release|Any CPU
	EndGlobalSection
	GlobalSection(SolutionProperties) = preSolution
		HideSolutionNode = FALSE
	EndGlobalSection
	GlobalSection(ExtensibilityGlobals) = postSolution
		SolutionGuid = {5075DDA8-105F-45A3-84BC-8553740A276A}
	EndGlobalSection
EndGlobal
